
Microsoft Visual Studio Solution File, Format Version 12.00
# Visual Studio Version 17
VisualStudioVersion = 17.1.32319.34
MinimumVisualStudioVersion = 10.0.40219.1
Project("{9A19103F-16F7-4668-BE54-9A1E7A4F7556}") = "ShopApp.Entities", "ShopApp.Entities\ShopApp.Entities.csproj", "{9587C9BF-0E2D-45FB-8842-E7FD5EE8AA51}"
EndProject
Project("{9A19103F-16F7-4668-BE54-9A1E7A4F7556}") = "ShopApp.DataAccess", "ShopApp.DataAccess\ShopApp.DataAccess.csproj", "{12D77DE2-01B8-4C8A-98EF-F939ADF783DA}"
EndProject
Project("{9A19103F-16F7-4668-BE54-9A1E7A4F7556}") = "ShopApp.Business", "ShopApp.Business\ShopApp.Business.csproj", "{AD488F23-4A4F-427E-9184-86C30B5D757C}"
EndProject
Project("{9A19103F-16F7-4668-BE54-9A1E7A4F7556}") = "ShopApp.WebUI", "ShopApp.WebUI\ShopApp.WebUI.csproj", "{AFB430A3-971B-420F-80AE-40C152BC2868}"
EndProject
Project("{FAE04EC0-301F-11D3-BF4B-00C04F79EFBC}") = "ShopApp.WebApi", "ShopApp.WebApi\ShopApp.WebApi.csproj", "{87F5E3D5-5DCE-49D8-86A6-CB139B577CC8}"
EndProject
Global
	GlobalSection(SolutionConfigurationPlatforms) = preSolution
		Debug|Any CPU = Debug|Any CPU
		Release|Any CPU = Release|Any CPU
	EndGlobalSection
	GlobalSection(ProjectConfigurationPlatforms) = postSolution
		{9587C9BF-0E2D-45FB-8842-E7FD5EE8AA51}.Debug|Any CPU.ActiveCfg = Debug|Any CPU
		{9587C9BF-0E2D-45FB-8842-E7FD5EE8AA51}.Debug|Any CPU.Build.0 = Debug|Any CPU
		{9587C9BF-0E2D-45FB-8842-E7FD5EE8AA51}.Release|Any CPU.ActiveCfg = Release|Any CPU
		{9587C9BF-0E2D-45FB-8842-E7FD5EE8AA51}.Release|Any CPU.Build.0 = Release|Any CPU
		{12D77DE2-01B8-4C8A-98EF-F939ADF783DA}.Debug|Any CPU.ActiveCfg = Debug|Any CPU
		{12D77DE2-01B8-4C8A-98EF-F939ADF783DA}.Debug|Any CPU.Build.0 = Debug|Any CPU
		{12D77DE2-01B8-4C8A-98EF-F939ADF783DA}.Release|Any CPU.ActiveCfg = Release|Any CPU
		{12D77DE2-01B8-4C8A-98EF-F939ADF783DA}.Release|Any CPU.Build.0 = Release|Any CPU
		{AD488F23-4A4F-427E-9184-86C30B5D757C}.Debug|Any CPU.ActiveCfg = Debug|Any CPU
		{AD488F23-4A4F-427E-9184-86C30B5D757C}.Debug|Any CPU.Build.0 = Debug|Any CPU
		{AD488F23-4A4F-427E-9184-86C30B5D757C}.Release|Any CPU.ActiveCfg = Release|Any CPU
		{AD488F23-4A4F-427E-9184-86C30B5D757C}.Release|Any CPU.Build.0 = Release|Any CPU
		{AFB430A3-971B-420F-80AE-40C152BC2868}.Debug|Any CPU.ActiveCfg = Debug|Any CPU
		{AFB430A3-971B-420F-80AE-40C152BC2868}.Debug|Any CPU.Build.0 = Debug|Any CPU
		{AFB430A3-971B-420F-80AE-40C152BC2868}.Release|Any CPU.ActiveCfg = Release|Any CPU
		{AFB430A3-971B-420F-80AE-40C152BC2868}.Release|Any CPU.Build.0 = Release|Any CPU
		{87F5E3D5-5DCE-49D8-86A6-CB139B577CC8}.Debug|Any CPU.ActiveCfg = Debug|Any CPU
		{87F5E3D5-5DCE-49D8-86A6-CB139B577CC8}.Debug|Any CPU.Build.0 = Debug|Any CPU
		{87F5E3D5-5DCE-49D8-86A6-CB139B577CC8}.Release|Any CPU.ActiveCfg = Release|Any CPU
		{87F5E3D5-5DCE-49D8-86A6-CB139B577CC8}.Release|Any CPU.Build.0 = Release|Any CPU
	EndGlobalSection
	GlobalSection(SolutionProperties) = preSolution
		HideSolutionNode = FALSE
	EndGlobalSection
	GlobalSection(ExtensibilityGlobals) = postSolution
		SolutionGuid = {BA32F3F1-706D-4626-A5A1-A94876DED624}
	EndGlobalSection
EndGlobal
